
Microsoft Visual Studio Solution File, Format Version 12.00
# Visual Studio Version 16
VisualStudioVersion = 16.0.31729.503
MinimumVisualStudioVersion = 10.0.40219.1
Project("{FAE04EC0-301F-11D3-BF4B-00C04F79EFBC}") = "EnergyPlus_Engine", "EnergyPlus_Engine\EnergyPlus_Engine.csproj", "{11B08124-3644-4F8C-80A5-EC71314C160E}"
EndProject
Project("{FAE04EC0-301F-11D3-BF4B-00C04F79EFBC}") = "EnergyPlus_oM", "EnergyPlus_oM\EnergyPlus_oM.csproj", "{9278BBF2-A2FE-411F-AD68-8672F1D03280}"
EndProject
Global
	GlobalSection(SolutionConfigurationPlatforms) = preSolution
		Debug|Any CPU = Debug|Any CPU
		Release|Any CPU = Release|Any CPU
	EndGlobalSection
	GlobalSection(ProjectConfigurationPlatforms) = postSolution
		{11B08124-3644-4F8C-80A5-EC71314C160E}.Debug|Any CPU.ActiveCfg = Debug|Any CPU
		{11B08124-3644-4F8C-80A5-EC71314C160E}.Debug|Any CPU.Build.0 = Debug|Any CPU
		{11B08124-3644-4F8C-80A5-EC71314C160E}.Release|Any CPU.ActiveCfg = Release|Any CPU
		{11B08124-3644-4F8C-80A5-EC71314C160E}.Release|Any CPU.Build.0 = Release|Any CPU
		{9278BBF2-A2FE-411F-AD68-8672F1D03280}.Debug|Any CPU.ActiveCfg = Debug|Any CPU
		{9278BBF2-A2FE-411F-AD68-8672F1D03280}.Debug|Any CPU.Build.0 = Debug|Any CPU
		{9278BBF2-A2FE-411F-AD68-8672F1D03280}.Release|Any CPU.ActiveCfg = Release|Any CPU
		{9278BBF2-A2FE-411F-AD68-8672F1D03280}.Release|Any CPU.Build.0 = Release|Any CPU
	EndGlobalSection
	GlobalSection(SolutionProperties) = preSolution
		HideSolutionNode = FALSE
	EndGlobalSection
	GlobalSection(ExtensibilityGlobals) = postSolution
		SolutionGuid = {7F003FE3-67B5-454A-967D-F30726F4C5E1}
	EndGlobalSection
EndGlobal
